
Microsoft Visual Studio Solution File, Format Version 12.00
# Visual Studio Version 16
VisualStudioVersion = 16.0.29926.136
MinimumVisualStudioVersion = 10.0.40219.1
Project("{FAE04EC0-301F-11D3-BF4B-00C04F79EFBC}") = "kolEF", "kolEF.csproj", "{C48993FF-50E6-4C3D-8523-CC9ACEE6E7B3}"
EndProject
Global
	GlobalSection(SolutionConfigurationPlatforms) = preSolution
		Debug|Any CPU = Debug|Any CPU
		Release|Any CPU = Release|Any CPU
	EndGlobalSection
	GlobalSection(ProjectConfigurationPlatforms) = postSolution
		{C48993FF-50E6-4C3D-8523-CC9ACEE6E7B3}.Debug|Any CPU.ActiveCfg = Debug|Any CPU
		{C48993FF-50E6-4C3D-8523-CC9ACEE6E7B3}.Debug|Any CPU.Build.0 = Debug|Any CPU
		{C48993FF-50E6-4C3D-8523-CC9ACEE6E7B3}.Release|Any CPU.ActiveCfg = Release|Any CPU
		{C48993FF-50E6-4C3D-8523-CC9ACEE6E7B3}.Release|Any CPU.Build.0 = Release|Any CPU
	EndGlobalSection
	GlobalSection(SolutionProperties) = preSolution
		HideSolutionNode = FALSE
	EndGlobalSection
	GlobalSection(ExtensibilityGlobals) = postSolution
		SolutionGuid = {F9B8D8CF-0DC9-4C2A-BCD5-31AC88496BBD}
	EndGlobalSection
EndGlobal
